
Microsoft Visual Studio Solution File, Format Version 12.00
# Visual Studio Version 16
VisualStudioVersion = 16.0.30320.27
MinimumVisualStudioVersion = 10.0.40219.1
Project("{8BC9CEB8-8B4A-11D0-8D11-00A0C91BC942}") = "Lecture2", "Lecture2\Lecture2.vcxproj", "{C9FAA855-914E-4076-A300-B4FECC566E0A}"
EndProject
Project("{8BC9CEB8-8B4A-11D0-8D11-00A0C91BC942}") = "Lecture3", "Lecture3\Lecture3.vcxproj", "{3C3E88AC-4127-41F3-A2AB-702F55C8C22B}"
EndProject
Project("{8BC9CEB8-8B4A-11D0-8D11-00A0C91BC942}") = "Lecture4", "Lecture4\Lecture4.vcxproj", "{4A95FC20-1AB5-4900-8D81-1C807B9F972E}"
EndProject
Project("{8BC9CEB8-8B4A-11D0-8D11-00A0C91BC942}") = "Lecture5", "Lecture5\Lecture5.vcxproj", "{45F5E625-1627-432E-AD48-DDE5D7ABF72F}"
EndProject
Project("{8BC9CEB8-8B4A-11D0-8D11-00A0C91BC942}") = "Lecture6", "Lecture6\Lecture6.vcxproj", "{CB755F9B-95AB-43F8-8D2D-E31E295418C6}"
EndProject
Project("{8BC9CEB8-8B4A-11D0-8D11-00A0C91BC942}") = "Lecture7", "Lecture7\Lecture7.vcxproj", "{2D5B1E1F-12FE-4416-AC67-922FD19B69BD}"
EndProject
Project("{8BC9CEB8-8B4A-11D0-8D11-00A0C91BC942}") = "Lecture8", "Lecture8\Lecture8.vcxproj", "{59B07B4E-CF93-4B53-A712-78993E60BF79}"
EndProject
Project("{8BC9CEB8-8B4A-11D0-8D11-00A0C91BC942}") = "Lecture9", "Lecture9\Lecture9.vcxproj", "{49FBFECA-8E86-4032-AF33-57288897E8E3}"
EndProject
Project("{8BC9CEB8-8B4A-11D0-8D11-00A0C91BC942}") = "Lecture10", "Lecture10\Lecture10.vcxproj", "{EBAFAFF2-1BD2-4993-9CB7-1622C9D97ECE}"
EndProject
Project("{8BC9CEB8-8B4A-11D0-8D11-00A0C91BC942}") = "Lecture11", "Lecture11\Lecture11.vcxproj", "{EF4749D9-7B34-470A-AE4C-F3F078D42469}"
EndProject
Project("{8BC9CEB8-8B4A-11D0-8D11-00A0C91BC942}") = "Lecture12", "Lecture12\Lecture12.vcxproj", "{5A74267A-0184-4668-AA3A-30FB54663EB7}"
EndProject
Project("{8BC9CEB8-8B4A-11D0-8D11-00A0C91BC942}") = "Lecture13", "Lecture13\Lecture13.vcxproj", "{7B02E8D5-541E-49EB-A26D-AA3D03AC155D}"
EndProject
Project("{8BC9CEB8-8B4A-11D0-8D11-00A0C91BC942}") = "Lecture14", "Lecture14\Lecture14.vcxproj", "{4580C726-8A4E-4CBD-A28D-43765B59E764}"
EndProject
Global
	GlobalSection(SolutionConfigurationPlatforms) = preSolution
		Debug|x64 = Debug|x64
		Debug|x86 = Debug|x86
		Release|x64 = Release|x64
		Release|x86 = Release|x86
	EndGlobalSection
	GlobalSection(ProjectConfigurationPlatforms) = postSolution
		{C9FAA855-914E-4076-A300-B4FECC566E0A}.Debug|x64.ActiveCfg = Debug|x64
		{C9FAA855-914E-4076-A300-B4FECC566E0A}.Debug|x64.Build.0 = Debug|x64
		{C9FAA855-914E-4076-A300-B4FECC566E0A}.Debug|x86.ActiveCfg = Debug|Win32
		{C9FAA855-914E-4076-A300-B4FECC566E0A}.Debug|x86.Build.0 = Debug|Win32
		{C9FAA855-914E-4076-A300-B4FECC566E0A}.Release|x64.ActiveCfg = Release|x64
		{C9FAA855-914E-4076-A300-B4FECC566E0A}.Release|x64.Build.0 = Release|x64
		{C9FAA855-914E-4076-A300-B4FECC566E0A}.Release|x86.ActiveCfg = Release|Win32
		{C9FAA855-914E-4076-A300-B4FECC566E0A}.Release|x86.Build.0 = Release|Win32
		{3C3E88AC-4127-41F3-A2AB-702F55C8C22B}.Debug|x64.ActiveCfg = Debug|x64
		{3C3E88AC-4127-41F3-A2AB-702F55C8C22B}.Debug|x64.Build.0 = Debug|x64
		{3C3E88AC-4127-41F3-A2AB-702F55C8C22B}.Debug|x86.ActiveCfg = Debug|Win32
		{3C3E88AC-4127-41F3-A2AB-702F55C8C22B}.Debug|x86.Build.0 = Debug|Win32
		{3C3E88AC-4127-41F3-A2AB-702F55C8C22B}.Release|x64.ActiveCfg = Release|x64
		{3C3E88AC-4127-41F3-A2AB-702F55C8C22B}.Release|x64.Build.0 = Release|x64
		{3C3E88AC-4127-41F3-A2AB-702F55C8C22B}.Release|x86.ActiveCfg = Release|Win32
		{3C3E88AC-4127-41F3-A2AB-702F55C8C22B}.Release|x86.Build.0 = Release|Win32
		{4A95FC20-1AB5-4900-8D81-1C807B9F972E}.Debug|x64.ActiveCfg = Debug|x64
		{4A95FC20-1AB5-4900-8D81-1C807B9F972E}.Debug|x64.Build.0 = Debug|x64
		{4A95FC20-1AB5-4900-8D81-1C807B9F972E}.Debug|x86.ActiveCfg = Debug|Win32
		{4A95FC20-1AB5-4900-8D81-1C807B9F972E}.Debug|x86.Build.0 = Debug|Win32
		{4A95FC20-1AB5-4900-8D81-1C807B9F972E}.Release|x64.ActiveCfg = Release|x64
		{4A95FC20-1AB5-4900-8D81-1C807B9F972E}.Release|x64.Build.0 = Release|x64
		{4A95FC20-1AB5-4900-8D81-1C807B9F972E}.Release|x86.ActiveCfg = Release|Win32
		{4A95FC20-1AB5-4900-8D81-1C807B9F972E}.Release|x86.Build.0 = Release|Win32
		{45F5E625-1627-432E-AD48-DDE5D7ABF72F}.Debug|x64.ActiveCfg = Debug|x64
		{45F5E625-1627-432E-AD48-DDE5D7ABF72F}.Debug|x64.Build.0 = Debug|x64
		{45F5E625-1627-432E-AD48-DDE5D7ABF72F}.Debug|x86.ActiveCfg = Debug|Win32
		{45F5E625-1627-432E-AD48-DDE5D7ABF72F}.Debug|x86.Build.0 = Debug|Win32
		{45F5E625-1627-432E-AD48-DDE5D7ABF72F}.Release|x64.ActiveCfg = Release|x64
		{45F5E625-1627-432E-AD48-DDE5D7ABF72F}.Release|x64.Build.0 = Release|x64
		{45F5E625-1627-432E-AD48-DDE5D7ABF72F}.Release|x86.ActiveCfg = Release|Win32
		{45F5E625-1627-432E-AD48-DDE5D7ABF72F}.Release|x86.Build.0 = Release|Win32
		{CB755F9B-95AB-43F8-8D2D-E31E295418C6}.Debug|x64.ActiveCfg = Debug|x64
		{CB755F9B-95AB-43F8-8D2D-E31E295418C6}.Debug|x64.Build.0 = Debug|x64
		{CB755F9B-95AB-43F8-8D2D-E31E295418C6}.Debug|x86.ActiveCfg = Debug|Win32
		{CB755F9B-95AB-43F8-8D2D-E31E295418C6}.Debug|x86.Build.0 = Debug|Win32
		{CB755F9B-95AB-43F8-8D2D-E31E295418C6}.Release|x64.ActiveCfg = Release|x64
		{CB755F9B-95AB-43F8-8D2D-E31E295418C6}.Release|x64.Build.0 = Release|x64
		{CB755F9B-95AB-43F8-8D2D-E31E295418C6}.Release|x86.ActiveCfg = Release|Win32
		{CB755F9B-95AB-43F8-8D2D-E31E295418C6}.Release|x86.Build.0 = Release|Win32
		{2D5B1E1F-12FE-4416-AC67-922FD19B69BD}.Debug|x64.ActiveCfg = Debug|x64
		{2D5B1E1F-12FE-4416-AC67-922FD19B69BD}.Debug|x64.Build.0 = Debug|x64
		{2D5B1E1F-12FE-4416-AC67-922FD19B69BD}.Debug|x86.ActiveCfg = Debug|Win32
		{2D5B1E1F-12FE-4416-AC67-922FD19B69BD}.Debug|x86.Build.0 = Debug|Win32
		{2D5B1E1F-12FE-4416-AC67-922FD19B69BD}.Release|x64.ActiveCfg = Release|x64
		{2D5B1E1F-12FE-4416-AC67-922FD19B69BD}.Release|x64.Build.0 = Release|x64
		{2D5B1E1F-12FE-4416-AC67-922FD19B69BD}.Release|x86.ActiveCfg = Release|Win32
		{2D5B1E1F-12FE-4416-AC67-922FD19B69BD}.Release|x86.Build.0 = Release|Win32
		{59B07B4E-CF93-4B53-A712-78993E60BF79}.Debug|x64.ActiveCfg = Debug|x64
		{59B07B4E-CF93-4B53-A712-78993E60BF79}.Debug|x64.Build.0 = Debug|x64
		{59B07B4E-CF93-4B53-A712-78993E60BF79}.Debug|x86.ActiveCfg = Debug|Win32
		{59B07B4E-CF93-4B53-A712-78993E60BF79}.Debug|x86.Build.0 = Debug|Win32
		{59B07B4E-CF93-4B53-A712-78993E60BF79}.Release|x64.ActiveCfg = Release|x64
		{59B07B4E-CF93-4B53-A712-78993E60BF79}.Release|x64.Build.0 = Release|x64
		{59B07B4E-CF93-4B53-A712-78993E60BF79}.Release|x86.ActiveCfg = Release|Win32
		{59B07B4E-CF93-4B53-A712-78993E60BF79}.Release|x86.Build.0 = Release|Win32
		{49FBFECA-8E86-4032-AF33-57288897E8E3}.Debug|x64.ActiveCfg = Debug|x64
		{49FBFECA-8E86-4032-AF33-57288897E8E3}.Debug|x64.Build.0 = Debug|x64
		{49FBFECA-8E86-4032-AF33-57288897E8E3}.Debug|x86.ActiveCfg = Debug|Win32
		{49FBFECA-8E86-4032-AF33-57288897E8E3}.Debug|x86.Build.0 = Debug|Win32
		{49FBFECA-8E86-4032-AF33-57288897E8E3}.Release|x64.ActiveCfg = Release|x64
		{49FBFECA-8E86-4032-AF33-57288897E8E3}.Release|x64.Build.0 = Release|x64
		{49FBFECA-8E86-4032-AF33-57288897E8E3}.Release|x86.ActiveCfg = Release|Win32
		{49FBFECA-8E86-4032-AF33-57288897E8E3}.Release|x86.Build.0 = Release|Win32
		{EBAFAFF2-1BD2-4993-9CB7-1622C9D97ECE}.Debug|x64.ActiveCfg = Debug|x64
		{EBAFAFF2-1BD2-4993-9CB7-1622C9D97ECE}.Debug|x64.Build.0 = Debug|x64
		{EBAFAFF2-1BD2-4993-9CB7-1622C9D97ECE}.Debug|x86.ActiveCfg = Debug|Win32
		{EBAFAFF2-1BD2-4993-9CB7-1622C9D97ECE}.Debug|x86.Build.0 = Debug|Win32
		{EBAFAFF2-1BD2-4993-9CB7-1622C9D97ECE}.Release|x64.ActiveCfg = Release|x64
		{EBAFAFF2-1BD2-4993-9CB7-1622C9D97ECE}.Release|x64.Build.0 = Release|x64
		{EBAFAFF2-1BD2-4993-9CB7-1622C9D97ECE}.Release|x86.ActiveCfg = Release|Win32
		{EBAFAFF2-1BD2-4993-9CB7-1622C9D97ECE}.Release|x86.Build.0 = Release|Win32
		{EF4749D9-7B34-470A-AE4C-F3F078D42469}.Debug|x64.ActiveCfg = Debug|x64
		{EF4749D9-7B34-470A-AE4C-F3F078D42469}.Debug|x64.Build.0 = Debug|x64
		{EF4749D9-7B34-470A-AE4C-F3F078D42469}.Debug|x86.ActiveCfg = Debug|Win32
		{EF4749D9-7B34-470A-AE4C-F3F078D42469}.Debug|x86.Build.0 = Debug|Win32
		{EF4749D9-7B34-470A-AE4C-F3F078D42469}.Release|x64.ActiveCfg = Release|x64
		{EF4749D9-7B34-470A-AE4C-F3F078D42469}.Release|x64.Build.0 = Release|x64
		{EF4749D9-7B34-470A-AE4C-F3F078D42469}.Release|x86.ActiveCfg = Release|Win32
		{EF4749D9-7B34-470A-AE4C-F3F078D42469}.Release|x86.Build.0 = Release|Win32
		{5A74267A-0184-4668-AA3A-30FB54663EB7}.Debug|x64.ActiveCfg = Debug|x64
		{5A74267A-0184-4668-AA3A-30FB54663EB7}.Debug|x64.Build.0 = Debug|x64
		{5A74267A-0184-4668-AA3A-30FB54663EB7}.Debug|x86.ActiveCfg = Debug|Win32
		{5A74267A-0184-4668-AA3A-30FB54663EB7}.Debug|x86.Build.0 = Debug|Win32
		{5A74267A-0184-4668-AA3A-30FB54663EB7}.Release|x64.ActiveCfg = Release|x64
		{5A74267A-0184-4668-AA3A-30FB54663EB7}.Release|x64.Build.0 = Release|x64
		{5A74267A-0184-4668-AA3A-30FB54663EB7}.Release|x86.ActiveCfg = Release|Win32
		{5A74267A-0184-4668-AA3A-30FB54663EB7}.Release|x86.Build.0 = Release|Win32
		{7B02E8D5-541E-49EB-A26D-AA3D03AC155D}.Debug|x64.ActiveCfg = Debug|x64
		{7B02E8D5-541E-49EB-A26D-AA3D03AC155D}.Debug|x64.Build.0 = Debug|x64
		{7B02E8D5-541E-49EB-A26D-AA3D03AC155D}.Debug|x86.ActiveCfg = Debug|Win32
		{7B02E8D5-541E-49EB-A26D-AA3D03AC155D}.Debug|x86.Build.0 = Debug|Win32
		{7B02E8D5-541E-49EB-A26D-AA3D03AC155D}.Release|x64.ActiveCfg = Release|x64
		{7B02E8D5-541E-49EB-A26D-AA3D03AC155D}.Release|x64.Build.0 = Release|x64
		{7B02E8D5-541E-49EB-A26D-AA3D03AC155D}.Release|x86.ActiveCfg = Release|Win32
		{7B02E8D5-541E-49EB-A26D-AA3D03AC155D}.Release|x86.Build.0 = Release|Win32
		{4580C726-8A4E-4CBD-A28D-43765B59E764}.Debug|x64.ActiveCfg = Debug|x64
		{4580C726-8A4E-4CBD-A28D-43765B59E764}.Debug|x64.Build.0 = Debug|x64
		{4580C726-8A4E-4CBD-A28D-43765B59E764}.Debug|x86.ActiveCfg = Debug|Win32
		{4580C726-8A4E-4CBD-A28D-43765B59E764}.Debug|x86.Build.0 = Debug|Win32
		{4580C726-8A4E-4CBD-A28D-43765B59E764}.Release|x64.ActiveCfg = Release|x64
		{4580C726-8A4E-4CBD-A28D-43765B59E764}.Release|x64.Build.0 = Release|x64
		{4580C726-8A4E-4CBD-A28D-43765B59E764}.Release|x86.ActiveCfg = Release|Win32
		{4580C726-8A4E-4CBD-A28D-43765B59E764}.Release|x86.Build.0 = Release|Win32
	EndGlobalSection
	GlobalSection(SolutionProperties) = preSolution
		HideSolutionNode = FALSE
	EndGlobalSection
	GlobalSection(ExtensibilityGlobals) = postSolution
		SolutionGuid = {E3F33DA5-9315-41C6-88F6-47BEFB9C718E}
	EndGlobalSection
EndGlobal
